
Microsoft Visual Studio Solution File, Format Version 12.00
# Visual Studio 15
VisualStudioVersion = 15.0.26403.3
MinimumVisualStudioVersion = 10.0.40219.1
Project("{FAE04EC0-301F-11D3-BF4B-00C04F79EFBC}") = "FormsStackPanel.Android", "FormsStackPanel\FormsStackPanel.Android\FormsStackPanel.Android.csproj", "{63D8E5DE-4A3C-4DC1-8B47-808D822D27F0}"
EndProject
Project("{FAE04EC0-301F-11D3-BF4B-00C04F79EFBC}") = "FormsStackPanel", "FormsStackPanel\FormsStackPanel\FormsStackPanel.csproj", "{144648E6-F800-41B7-B149-CEB1583D85E0}"
EndProject
Project("{FAE04EC0-301F-11D3-BF4B-00C04F79EFBC}") = "FormsStackPanel.UWP", "FormsStackPanel\FormsStackPanel.UWP\FormsStackPanel.UWP.csproj", "{E9DFDE0F-1987-4E93-A9F1-0DC4EC07AEA9}"
EndProject
Project("{FAE04EC0-301F-11D3-BF4B-00C04F79EFBC}") = "FormsStackPanel.iOS", "FormsStackPanel\FormsStackPanel.iOS\FormsStackPanel.iOS.csproj", "{C626DF91-9F50-4F92-8151-BE93CB8DB2F4}"
EndProject
Project("{2150E333-8FDC-42A3-9474-1A3956D46DE8}") = ".nuspec", ".nuspec", "{8CD3EDD8-35DE-4D9C-AAFB-7239E2C69D93}"
	ProjectSection(SolutionItems) = preProject
		Plugin.FormsStackPanel.nuspec = Plugin.FormsStackPanel.nuspec
	EndProjectSection
EndProject
Global
	GlobalSection(SolutionConfigurationPlatforms) = preSolution
		Ad-Hoc|Any CPU = Ad-Hoc|Any CPU
		Ad-Hoc|ARM = Ad-Hoc|ARM
		Ad-Hoc|iPhone = Ad-Hoc|iPhone
		Ad-Hoc|iPhoneSimulator = Ad-Hoc|iPhoneSimulator
		Ad-Hoc|x64 = Ad-Hoc|x64
		Ad-Hoc|x86 = Ad-Hoc|x86
		AppStore|Any CPU = AppStore|Any CPU
		AppStore|ARM = AppStore|ARM
		AppStore|iPhone = AppStore|iPhone
		AppStore|iPhoneSimulator = AppStore|iPhoneSimulator
		AppStore|x64 = AppStore|x64
		AppStore|x86 = AppStore|x86
		Debug|Any CPU = Debug|Any CPU
		Debug|ARM = Debug|ARM
		Debug|iPhone = Debug|iPhone
		Debug|iPhoneSimulator = Debug|iPhoneSimulator
		Debug|x64 = Debug|x64
		Debug|x86 = Debug|x86
		Release|Any CPU = Release|Any CPU
		Release|ARM = Release|ARM
		Release|iPhone = Release|iPhone
		Release|iPhoneSimulator = Release|iPhoneSimulator
		Release|x64 = Release|x64
		Release|x86 = Release|x86
	EndGlobalSection
	GlobalSection(ProjectConfigurationPlatforms) = postSolution
		{63D8E5DE-4A3C-4DC1-8B47-808D822D27F0}.Ad-Hoc|Any CPU.ActiveCfg = Release|Any CPU
		{63D8E5DE-4A3C-4DC1-8B47-808D822D27F0}.Ad-Hoc|Any CPU.Build.0 = Release|Any CPU
		{63D8E5DE-4A3C-4DC1-8B47-808D822D27F0}.Ad-Hoc|Any CPU.Deploy.0 = Release|Any CPU
		{63D8E5DE-4A3C-4DC1-8B47-808D822D27F0}.Ad-Hoc|ARM.ActiveCfg = Release|Any CPU
		{63D8E5DE-4A3C-4DC1-8B47-808D822D27F0}.Ad-Hoc|ARM.Build.0 = Release|Any CPU
		{63D8E5DE-4A3C-4DC1-8B47-808D822D27F0}.Ad-Hoc|ARM.Deploy.0 = Release|Any CPU
		{63D8E5DE-4A3C-4DC1-8B47-808D822D27F0}.Ad-Hoc|iPhone.ActiveCfg = Release|Any CPU
		{63D8E5DE-4A3C-4DC1-8B47-808D822D27F0}.Ad-Hoc|iPhone.Build.0 = Release|Any CPU
		{63D8E5DE-4A3C-4DC1-8B47-808D822D27F0}.Ad-Hoc|iPhone.Deploy.0 = Release|Any CPU
		{63D8E5DE-4A3C-4DC1-8B47-808D822D27F0}.Ad-Hoc|iPhoneSimulator.ActiveCfg = Release|Any CPU
		{63D8E5DE-4A3C-4DC1-8B47-808D822D27F0}.Ad-Hoc|iPhoneSimulator.Build.0 = Release|Any CPU
		{63D8E5DE-4A3C-4DC1-8B47-808D822D27F0}.Ad-Hoc|iPhoneSimulator.Deploy.0 = Release|Any CPU
		{63D8E5DE-4A3C-4DC1-8B47-808D822D27F0}.Ad-Hoc|x64.ActiveCfg = Release|Any CPU
		{63D8E5DE-4A3C-4DC1-8B47-808D822D27F0}.Ad-Hoc|x64.Build.0 = Release|Any CPU
		{63D8E5DE-4A3C-4DC1-8B47-808D822D27F0}.Ad-Hoc|x64.Deploy.0 = Release|Any CPU
		{63D8E5DE-4A3C-4DC1-8B47-808D822D27F0}.Ad-Hoc|x86.ActiveCfg = Release|Any CPU
		{63D8E5DE-4A3C-4DC1-8B47-808D822D27F0}.Ad-Hoc|x86.Build.0 = Release|Any CPU
		{63D8E5DE-4A3C-4DC1-8B47-808D822D27F0}.Ad-Hoc|x86.Deploy.0 = Release|Any CPU
		{63D8E5DE-4A3C-4DC1-8B47-808D822D27F0}.AppStore|Any CPU.ActiveCfg = Release|Any CPU
		{63D8E5DE-4A3C-4DC1-8B47-808D822D27F0}.AppStore|Any CPU.Build.0 = Release|Any CPU
		{63D8E5DE-4A3C-4DC1-8B47-808D822D27F0}.AppStore|Any CPU.Deploy.0 = Release|Any CPU
		{63D8E5DE-4A3C-4DC1-8B47-808D822D27F0}.AppStore|ARM.ActiveCfg = Release|Any CPU
		{63D8E5DE-4A3C-4DC1-8B47-808D822D27F0}.AppStore|ARM.Build.0 = Release|Any CPU
		{63D8E5DE-4A3C-4DC1-8B47-808D822D27F0}.AppStore|ARM.Deploy.0 = Release|Any CPU
		{63D8E5DE-4A3C-4DC1-8B47-808D822D27F0}.AppStore|iPhone.ActiveCfg = Release|Any CPU
		{63D8E5DE-4A3C-4DC1-8B47-808D822D27F0}.AppStore|iPhone.Build.0 = Release|Any CPU
		{63D8E5DE-4A3C-4DC1-8B47-808D822D27F0}.AppStore|iPhone.Deploy.0 = Release|Any CPU
		{63D8E5DE-4A3C-4DC1-8B47-808D822D27F0}.AppStore|iPhoneSimulator.ActiveCfg = Release|Any CPU
		{63D8E5DE-4A3C-4DC1-8B47-808D822D27F0}.AppStore|iPhoneSimulator.Build.0 = Release|Any CPU
		{63D8E5DE-4A3C-4DC1-8B47-808D822D27F0}.AppStore|iPhoneSimulator.Deploy.0 = Release|Any CPU
		{63D8E5DE-4A3C-4DC1-8B47-808D822D27F0}.AppStore|x64.ActiveCfg = Release|Any CPU
		{63D8E5DE-4A3C-4DC1-8B47-808D822D27F0}.AppStore|x64.Build.0 = Release|Any CPU
		{63D8E5DE-4A3C-4DC1-8B47-808D822D27F0}.AppStore|x64.Deploy.0 = Release|Any CPU
		{63D8E5DE-4A3C-4DC1-8B47-808D822D27F0}.AppStore|x86.ActiveCfg = Release|Any CPU
		{63D8E5DE-4A3C-4DC1-8B47-808D822D27F0}.AppStore|x86.Build.0 = Release|Any CPU
		{63D8E5DE-4A3C-4DC1-8B47-808D822D27F0}.AppStore|x86.Deploy.0 = Release|Any CPU
		{63D8E5DE-4A3C-4DC1-8B47-808D822D27F0}.Debug|Any CPU.ActiveCfg = Debug|Any CPU
		{63D8E5DE-4A3C-4DC1-8B47-808D822D27F0}.Debug|Any CPU.Build.0 = Debug|Any CPU
		{63D8E5DE-4A3C-4DC1-8B47-808D822D27F0}.Debug|Any CPU.Deploy.0 = Debug|Any CPU
		{63D8E5DE-4A3C-4DC1-8B47-808D822D27F0}.Debug|ARM.ActiveCfg = Debug|Any CPU
		{63D8E5DE-4A3C-4DC1-8B47-808D822D27F0}.Debug|ARM.Build.0 = Debug|Any CPU
		{63D8E5DE-4A3C-4DC1-8B47-808D822D27F0}.Debug|ARM.Deploy.0 = Debug|Any CPU
		{63D8E5DE-4A3C-4DC1-8B47-808D822D27F0}.Debug|iPhone.ActiveCfg = Debug|Any CPU
		{63D8E5DE-4A3C-4DC1-8B47-808D822D27F0}.Debug|iPhone.Build.0 = Debug|Any CPU
		{63D8E5DE-4A3C-4DC1-8B47-808D822D27F0}.Debug|iPhone.Deploy.0 = Debug|Any CPU
		{63D8E5DE-4A3C-4DC1-8B47-808D822D27F0}.Debug|iPhoneSimulator.ActiveCfg = Debug|Any CPU
		{63D8E5DE-4A3C-4DC1-8B47-808D822D27F0}.Debug|iPhoneSimulator.Build.0 = Debug|Any CPU
		{63D8E5DE-4A3C-4DC1-8B47-808D822D27F0}.Debug|iPhoneSimulator.Deploy.0 = Debug|Any CPU
		{63D8E5DE-4A3C-4DC1-8B47-808D822D27F0}.Debug|x64.ActiveCfg = Debug|Any CPU
		{63D8E5DE-4A3C-4DC1-8B47-808D822D27F0}.Debug|x64.Build.0 = Debug|Any CPU
		{63D8E5DE-4A3C-4DC1-8B47-808D822D27F0}.Debug|x64.Deploy.0 = Debug|Any CPU
		{63D8E5DE-4A3C-4DC1-8B47-808D822D27F0}.Debug|x86.ActiveCfg = Debug|Any CPU
		{63D8E5DE-4A3C-4DC1-8B47-808D822D27F0}.Debug|x86.Build.0 = Debug|Any CPU
		{63D8E5DE-4A3C-4DC1-8B47-808D822D27F0}.Debug|x86.Deploy.0 = Debug|Any CPU
		{63D8E5DE-4A3C-4DC1-8B47-808D822D27F0}.Release|Any CPU.ActiveCfg = Release|Any CPU
		{63D8E5DE-4A3C-4DC1-8B47-808D822D27F0}.Release|Any CPU.Build.0 = Release|Any CPU
		{63D8E5DE-4A3C-4DC1-8B47-808D822D27F0}.Release|Any CPU.Deploy.0 = Release|Any CPU
		{63D8E5DE-4A3C-4DC1-8B47-808D822D27F0}.Release|ARM.ActiveCfg = Release|Any CPU
		{63D8E5DE-4A3C-4DC1-8B47-808D822D27F0}.Release|ARM.Build.0 = Release|Any CPU
		{63D8E5DE-4A3C-4DC1-8B47-808D822D27F0}.Release|ARM.Deploy.0 = Release|Any CPU
		{63D8E5DE-4A3C-4DC1-8B47-808D822D27F0}.Release|iPhone.ActiveCfg = Release|Any CPU
		{63D8E5DE-4A3C-4DC1-8B47-808D822D27F0}.Release|iPhone.Build.0 = Release|Any CPU
		{63D8E5DE-4A3C-4DC1-8B47-808D822D27F0}.Release|iPhone.Deploy.0 = Release|Any CPU
		{63D8E5DE-4A3C-4DC1-8B47-808D822D27F0}.Release|iPhoneSimulator.ActiveCfg = Release|Any CPU
		{63D8E5DE-4A3C-4DC1-8B47-808D822D27F0}.Release|iPhoneSimulator.Build.0 = Release|Any CPU
		{63D8E5DE-4A3C-4DC1-8B47-808D822D27F0}.Release|iPhoneSimulator.Deploy.0 = Release|Any CPU
		{63D8E5DE-4A3C-4DC1-8B47-808D822D27F0}.Release|x64.ActiveCfg = Release|Any CPU
		{63D8E5DE-4A3C-4DC1-8B47-808D822D27F0}.Release|x64.Build.0 = Release|Any CPU
		{63D8E5DE-4A3C-4DC1-8B47-808D822D27F0}.Release|x64.Deploy.0 = Release|Any CPU
		{63D8E5DE-4A3C-4DC1-8B47-808D822D27F0}.Release|x86.ActiveCfg = Release|Any CPU
		{63D8E5DE-4A3C-4DC1-8B47-808D822D27F0}.Release|x86.Build.0 = Release|Any CPU
		{63D8E5DE-4A3C-4DC1-8B47-808D822D27F0}.Release|x86.Deploy.0 = Release|Any CPU
		{144648E6-F800-41B7-B149-CEB1583D85E0}.Ad-Hoc|Any CPU.ActiveCfg = Release|Any CPU
		{144648E6-F800-41B7-B149-CEB1583D85E0}.Ad-Hoc|Any CPU.Build.0 = Release|Any CPU
		{144648E6-F800-41B7-B149-CEB1583D85E0}.Ad-Hoc|ARM.ActiveCfg = Release|Any CPU
		{144648E6-F800-41B7-B149-CEB1583D85E0}.Ad-Hoc|ARM.Build.0 = Release|Any CPU
		{144648E6-F800-41B7-B149-CEB1583D85E0}.Ad-Hoc|iPhone.ActiveCfg = Release|Any CPU
		{144648E6-F800-41B7-B149-CEB1583D85E0}.Ad-Hoc|iPhone.Build.0 = Release|Any CPU
		{144648E6-F800-41B7-B149-CEB1583D85E0}.Ad-Hoc|iPhoneSimulator.ActiveCfg = Release|Any CPU
		{144648E6-F800-41B7-B149-CEB1583D85E0}.Ad-Hoc|iPhoneSimulator.Build.0 = Release|Any CPU
		{144648E6-F800-41B7-B149-CEB1583D85E0}.Ad-Hoc|x64.ActiveCfg = Release|Any CPU
		{144648E6-F800-41B7-B149-CEB1583D85E0}.Ad-Hoc|x64.Build.0 = Release|Any CPU
		{144648E6-F800-41B7-B149-CEB1583D85E0}.Ad-Hoc|x86.ActiveCfg = Release|Any CPU
		{144648E6-F800-41B7-B149-CEB1583D85E0}.Ad-Hoc|x86.Build.0 = Release|Any CPU
		{144648E6-F800-41B7-B149-CEB1583D85E0}.AppStore|Any CPU.ActiveCfg = Release|Any CPU
		{144648E6-F800-41B7-B149-CEB1583D85E0}.AppStore|Any CPU.Build.0 = Release|Any CPU
		{144648E6-F800-41B7-B149-CEB1583D85E0}.AppStore|ARM.ActiveCfg = Release|Any CPU
		{144648E6-F800-41B7-B149-CEB1583D85E0}.AppStore|ARM.Build.0 = Release|Any CPU
		{144648E6-F800-41B7-B149-CEB1583D85E0}.AppStore|iPhone.ActiveCfg = Release|Any CPU
		{144648E6-F800-41B7-B149-CEB1583D85E0}.AppStore|iPhone.Build.0 = Release|Any CPU
		{144648E6-F800-41B7-B149-CEB1583D85E0}.AppStore|iPhoneSimulator.ActiveCfg = Release|Any CPU
		{144648E6-F800-41B7-B149-CEB1583D85E0}.AppStore|iPhoneSimulator.Build.0 = Release|Any CPU
		{144648E6-F800-41B7-B149-CEB1583D85E0}.AppStore|x64.ActiveCfg = Release|Any CPU
		{144648E6-F800-41B7-B149-CEB1583D85E0}.AppStore|x64.Build.0 = Release|Any CPU
		{144648E6-F800-41B7-B149-CEB1583D85E0}.AppStore|x86.ActiveCfg = Release|Any CPU
		{144648E6-F800-41B7-B149-CEB1583D85E0}.AppStore|x86.Build.0 = Release|Any CPU
		{144648E6-F800-41B7-B149-CEB1583D85E0}.Debug|Any CPU.ActiveCfg = Debug|Any CPU
		{144648E6-F800-41B7-B149-CEB1583D85E0}.Debug|Any CPU.Build.0 = Debug|Any CPU
		{144648E6-F800-41B7-B149-CEB1583D85E0}.Debug|ARM.ActiveCfg = Debug|Any CPU
		{144648E6-F800-41B7-B149-CEB1583D85E0}.Debug|ARM.Build.0 = Debug|Any CPU
		{144648E6-F800-41B7-B149-CEB1583D85E0}.Debug|iPhone.ActiveCfg = Debug|Any CPU
		{144648E6-F800-41B7-B149-CEB1583D85E0}.Debug|iPhone.Build.0 = Debug|Any CPU
		{144648E6-F800-41B7-B149-CEB1583D85E0}.Debug|iPhoneSimulator.ActiveCfg = Debug|Any CPU
		{144648E6-F800-41B7-B149-CEB1583D85E0}.Debug|iPhoneSimulator.Build.0 = Debug|Any CPU
		{144648E6-F800-41B7-B149-CEB1583D85E0}.Debug|x64.ActiveCfg = Debug|Any CPU
		{144648E6-F800-41B7-B149-CEB1583D85E0}.Debug|x64.Build.0 = Debug|Any CPU
		{144648E6-F800-41B7-B149-CEB1583D85E0}.Debug|x86.ActiveCfg = Debug|Any CPU
		{144648E6-F800-41B7-B149-CEB1583D85E0}.Debug|x86.Build.0 = Debug|Any CPU
		{144648E6-F800-41B7-B149-CEB1583D85E0}.Release|Any CPU.ActiveCfg = Release|Any CPU
		{144648E6-F800-41B7-B149-CEB1583D85E0}.Release|Any CPU.Build.0 = Release|Any CPU
		{144648E6-F800-41B7-B149-CEB1583D85E0}.Release|ARM.ActiveCfg = Release|Any CPU
		{144648E6-F800-41B7-B149-CEB1583D85E0}.Release|ARM.Build.0 = Release|Any CPU
		{144648E6-F800-41B7-B149-CEB1583D85E0}.Release|iPhone.ActiveCfg = Release|Any CPU
		{144648E6-F800-41B7-B149-CEB1583D85E0}.Release|iPhone.Build.0 = Release|Any CPU
		{144648E6-F800-41B7-B149-CEB1583D85E0}.Release|iPhoneSimulator.ActiveCfg = Release|Any CPU
		{144648E6-F800-41B7-B149-CEB1583D85E0}.Release|iPhoneSimulator.Build.0 = Release|Any CPU
		{144648E6-F800-41B7-B149-CEB1583D85E0}.Release|x64.ActiveCfg = Release|Any CPU
		{144648E6-F800-41B7-B149-CEB1583D85E0}.Release|x64.Build.0 = Release|Any CPU
		{144648E6-F800-41B7-B149-CEB1583D85E0}.Release|x86.ActiveCfg = Release|Any CPU
		{144648E6-F800-41B7-B149-CEB1583D85E0}.Release|x86.Build.0 = Release|Any CPU
		{E9DFDE0F-1987-4E93-A9F1-0DC4EC07AEA9}.Ad-Hoc|Any CPU.ActiveCfg = Release|x86
		{E9DFDE0F-1987-4E93-A9F1-0DC4EC07AEA9}.Ad-Hoc|Any CPU.Build.0 = Release|x86
		{E9DFDE0F-1987-4E93-A9F1-0DC4EC07AEA9}.Ad-Hoc|Any CPU.Deploy.0 = Release|x86
		{E9DFDE0F-1987-4E93-A9F1-0DC4EC07AEA9}.Ad-Hoc|ARM.ActiveCfg = Release|ARM
		{E9DFDE0F-1987-4E93-A9F1-0DC4EC07AEA9}.Ad-Hoc|ARM.Build.0 = Release|ARM
		{E9DFDE0F-1987-4E93-A9F1-0DC4EC07AEA9}.Ad-Hoc|ARM.Deploy.0 = Release|ARM
		{E9DFDE0F-1987-4E93-A9F1-0DC4EC07AEA9}.Ad-Hoc|iPhone.ActiveCfg = Release|x86
		{E9DFDE0F-1987-4E93-A9F1-0DC4EC07AEA9}.Ad-Hoc|iPhone.Build.0 = Release|x86
		{E9DFDE0F-1987-4E93-A9F1-0DC4EC07AEA9}.Ad-Hoc|iPhone.Deploy.0 = Release|x86
		{E9DFDE0F-1987-4E93-A9F1-0DC4EC07AEA9}.Ad-Hoc|iPhoneSimulator.ActiveCfg = Release|x86
		{E9DFDE0F-1987-4E93-A9F1-0DC4EC07AEA9}.Ad-Hoc|iPhoneSimulator.Build.0 = Release|x86
		{E9DFDE0F-1987-4E93-A9F1-0DC4EC07AEA9}.Ad-Hoc|iPhoneSimulator.Deploy.0 = Release|x86
		{E9DFDE0F-1987-4E93-A9F1-0DC4EC07AEA9}.Ad-Hoc|x64.ActiveCfg = Release|x64
		{E9DFDE0F-1987-4E93-A9F1-0DC4EC07AEA9}.Ad-Hoc|x64.Build.0 = Release|x64
		{E9DFDE0F-1987-4E93-A9F1-0DC4EC07AEA9}.Ad-Hoc|x64.Deploy.0 = Release|x64
		{E9DFDE0F-1987-4E93-A9F1-0DC4EC07AEA9}.Ad-Hoc|x86.ActiveCfg = Release|x86
		{E9DFDE0F-1987-4E93-A9F1-0DC4EC07AEA9}.Ad-Hoc|x86.Build.0 = Release|x86
		{E9DFDE0F-1987-4E93-A9F1-0DC4EC07AEA9}.Ad-Hoc|x86.Deploy.0 = Release|x86
		{E9DFDE0F-1987-4E93-A9F1-0DC4EC07AEA9}.AppStore|Any CPU.ActiveCfg = Release|x86
		{E9DFDE0F-1987-4E93-A9F1-0DC4EC07AEA9}.AppStore|Any CPU.Build.0 = Release|x86
		{E9DFDE0F-1987-4E93-A9F1-0DC4EC07AEA9}.AppStore|Any CPU.Deploy.0 = Release|x86
		{E9DFDE0F-1987-4E93-A9F1-0DC4EC07AEA9}.AppStore|ARM.ActiveCfg = Release|ARM
		{E9DFDE0F-1987-4E93-A9F1-0DC4EC07AEA9}.AppStore|ARM.Build.0 = Release|ARM
		{E9DFDE0F-1987-4E93-A9F1-0DC4EC07AEA9}.AppStore|ARM.Deploy.0 = Release|ARM
		{E9DFDE0F-1987-4E93-A9F1-0DC4EC07AEA9}.AppStore|iPhone.ActiveCfg = Release|x86
		{E9DFDE0F-1987-4E93-A9F1-0DC4EC07AEA9}.AppStore|iPhone.Build.0 = Release|x86
		{E9DFDE0F-1987-4E93-A9F1-0DC4EC07AEA9}.AppStore|iPhone.Deploy.0 = Release|x86
		{E9DFDE0F-1987-4E93-A9F1-0DC4EC07AEA9}.AppStore|iPhoneSimulator.ActiveCfg = Release|x86
		{E9DFDE0F-1987-4E93-A9F1-0DC4EC07AEA9}.AppStore|iPhoneSimulator.Build.0 = Release|x86
		{E9DFDE0F-1987-4E93-A9F1-0DC4EC07AEA9}.AppStore|iPhoneSimulator.Deploy.0 = Release|x86
		{E9DFDE0F-1987-4E93-A9F1-0DC4EC07AEA9}.AppStore|x64.ActiveCfg = Release|x64
		{E9DFDE0F-1987-4E93-A9F1-0DC4EC07AEA9}.AppStore|x64.Build.0 = Release|x64
		{E9DFDE0F-1987-4E93-A9F1-0DC4EC07AEA9}.AppStore|x64.Deploy.0 = Release|x64
		{E9DFDE0F-1987-4E93-A9F1-0DC4EC07AEA9}.AppStore|x86.ActiveCfg = Release|x86
		{E9DFDE0F-1987-4E93-A9F1-0DC4EC07AEA9}.AppStore|x86.Build.0 = Release|x86
		{E9DFDE0F-1987-4E93-A9F1-0DC4EC07AEA9}.AppStore|x86.Deploy.0 = Release|x86
		{E9DFDE0F-1987-4E93-A9F1-0DC4EC07AEA9}.Debug|Any CPU.ActiveCfg = Debug|x86
		{E9DFDE0F-1987-4E93-A9F1-0DC4EC07AEA9}.Debug|ARM.ActiveCfg = Debug|ARM
		{E9DFDE0F-1987-4E93-A9F1-0DC4EC07AEA9}.Debug|ARM.Build.0 = Debug|ARM
		{E9DFDE0F-1987-4E93-A9F1-0DC4EC07AEA9}.Debug|ARM.Deploy.0 = Debug|ARM
		{E9DFDE0F-1987-4E93-A9F1-0DC4EC07AEA9}.Debug|iPhone.ActiveCfg = Debug|x86
		{E9DFDE0F-1987-4E93-A9F1-0DC4EC07AEA9}.Debug|iPhoneSimulator.ActiveCfg = Debug|x86
		{E9DFDE0F-1987-4E93-A9F1-0DC4EC07AEA9}.Debug|x64.ActiveCfg = Debug|x64
		{E9DFDE0F-1987-4E93-A9F1-0DC4EC07AEA9}.Debug|x64.Build.0 = Debug|x64
		{E9DFDE0F-1987-4E93-A9F1-0DC4EC07AEA9}.Debug|x64.Deploy.0 = Debug|x64
		{E9DFDE0F-1987-4E93-A9F1-0DC4EC07AEA9}.Debug|x86.ActiveCfg = Debug|x86
		{E9DFDE0F-1987-4E93-A9F1-0DC4EC07AEA9}.Debug|x86.Build.0 = Debug|x86
		{E9DFDE0F-1987-4E93-A9F1-0DC4EC07AEA9}.Debug|x86.Deploy.0 = Debug|x86
		{E9DFDE0F-1987-4E93-A9F1-0DC4EC07AEA9}.Release|Any CPU.ActiveCfg = Release|x86
		{E9DFDE0F-1987-4E93-A9F1-0DC4EC07AEA9}.Release|ARM.ActiveCfg = Release|ARM
		{E9DFDE0F-1987-4E93-A9F1-0DC4EC07AEA9}.Release|ARM.Build.0 = Release|ARM
		{E9DFDE0F-1987-4E93-A9F1-0DC4EC07AEA9}.Release|ARM.Deploy.0 = Release|ARM
		{E9DFDE0F-1987-4E93-A9F1-0DC4EC07AEA9}.Release|iPhone.ActiveCfg = Release|x86
		{E9DFDE0F-1987-4E93-A9F1-0DC4EC07AEA9}.Release|iPhoneSimulator.ActiveCfg = Release|x86
		{E9DFDE0F-1987-4E93-A9F1-0DC4EC07AEA9}.Release|x64.ActiveCfg = Release|x64
		{E9DFDE0F-1987-4E93-A9F1-0DC4EC07AEA9}.Release|x64.Build.0 = Release|x64
		{E9DFDE0F-1987-4E93-A9F1-0DC4EC07AEA9}.Release|x64.Deploy.0 = Release|x64
		{E9DFDE0F-1987-4E93-A9F1-0DC4EC07AEA9}.Release|x86.ActiveCfg = Release|x86
		{E9DFDE0F-1987-4E93-A9F1-0DC4EC07AEA9}.Release|x86.Build.0 = Release|x86
		{E9DFDE0F-1987-4E93-A9F1-0DC4EC07AEA9}.Release|x86.Deploy.0 = Release|x86
		{C626DF91-9F50-4F92-8151-BE93CB8DB2F4}.Ad-Hoc|Any CPU.ActiveCfg = Ad-Hoc|iPhone
		{C626DF91-9F50-4F92-8151-BE93CB8DB2F4}.Ad-Hoc|ARM.ActiveCfg = Ad-Hoc|iPhone
		{C626DF91-9F50-4F92-8151-BE93CB8DB2F4}.Ad-Hoc|iPhone.ActiveCfg = Ad-Hoc|iPhone
		{C626DF91-9F50-4F92-8151-BE93CB8DB2F4}.Ad-Hoc|iPhone.Build.0 = Ad-Hoc|iPhone
		{C626DF91-9F50-4F92-8151-BE93CB8DB2F4}.Ad-Hoc|iPhoneSimulator.ActiveCfg = Ad-Hoc|iPhoneSimulator
		{C626DF91-9F50-4F92-8151-BE93CB8DB2F4}.Ad-Hoc|iPhoneSimulator.Build.0 = Ad-Hoc|iPhoneSimulator
		{C626DF91-9F50-4F92-8151-BE93CB8DB2F4}.Ad-Hoc|x64.ActiveCfg = Ad-Hoc|iPhone
		{C626DF91-9F50-4F92-8151-BE93CB8DB2F4}.Ad-Hoc|x86.ActiveCfg = Ad-Hoc|iPhone
		{C626DF91-9F50-4F92-8151-BE93CB8DB2F4}.AppStore|Any CPU.ActiveCfg = AppStore|iPhone
		{C626DF91-9F50-4F92-8151-BE93CB8DB2F4}.AppStore|ARM.ActiveCfg = AppStore|iPhone
		{C626DF91-9F50-4F92-8151-BE93CB8DB2F4}.AppStore|iPhone.ActiveCfg = AppStore|iPhone
		{C626DF91-9F50-4F92-8151-BE93CB8DB2F4}.AppStore|iPhone.Build.0 = AppStore|iPhone
		{C626DF91-9F50-4F92-8151-BE93CB8DB2F4}.AppStore|iPhoneSimulator.ActiveCfg = AppStore|iPhoneSimulator
		{C626DF91-9F50-4F92-8151-BE93CB8DB2F4}.AppStore|iPhoneSimulator.Build.0 = AppStore|iPhoneSimulator
		{C626DF91-9F50-4F92-8151-BE93CB8DB2F4}.AppStore|x64.ActiveCfg = AppStore|iPhone
		{C626DF91-9F50-4F92-8151-BE93CB8DB2F4}.AppStore|x86.ActiveCfg = AppStore|iPhone
		{C626DF91-9F50-4F92-8151-BE93CB8DB2F4}.Debug|Any CPU.ActiveCfg = Debug|iPhone
		{C626DF91-9F50-4F92-8151-BE93CB8DB2F4}.Debug|ARM.ActiveCfg = Debug|iPhone
		{C626DF91-9F50-4F92-8151-BE93CB8DB2F4}.Debug|iPhone.ActiveCfg = Debug|iPhone
		{C626DF91-9F50-4F92-8151-BE93CB8DB2F4}.Debug|iPhone.Build.0 = Debug|iPhone
		{C626DF91-9F50-4F92-8151-BE93CB8DB2F4}.Debug|iPhoneSimulator.ActiveCfg = Debug|iPhoneSimulator
		{C626DF91-9F50-4F92-8151-BE93CB8DB2F4}.Debug|iPhoneSimulator.Build.0 = Debug|iPhoneSimulator
		{C626DF91-9F50-4F92-8151-BE93CB8DB2F4}.Debug|x64.ActiveCfg = Debug|iPhone
		{C626DF91-9F50-4F92-8151-BE93CB8DB2F4}.Debug|x86.ActiveCfg = Debug|iPhone
		{C626DF91-9F50-4F92-8151-BE93CB8DB2F4}.Release|Any CPU.ActiveCfg = Release|iPhone
		{C626DF91-9F50-4F92-8151-BE93CB8DB2F4}.Release|ARM.ActiveCfg = Release|iPhone
		{C626DF91-9F50-4F92-8151-BE93CB8DB2F4}.Release|iPhone.ActiveCfg = Release|iPhone
		{C626DF91-9F50-4F92-8151-BE93CB8DB2F4}.Release|iPhone.Build.0 = Release|iPhone
		{C626DF91-9F50-4F92-8151-BE93CB8DB2F4}.Release|iPhoneSimulator.ActiveCfg = Release|iPhoneSimulator
		{C626DF91-9F50-4F92-8151-BE93CB8DB2F4}.Release|iPhoneSimulator.Build.0 = Release|iPhoneSimulator
		{C626DF91-9F50-4F92-8151-BE93CB8DB2F4}.Release|x64.ActiveCfg = Release|iPhone
		{C626DF91-9F50-4F92-8151-BE93CB8DB2F4}.Release|x86.ActiveCfg = Release|iPhone
	EndGlobalSection
	GlobalSection(SolutionProperties) = preSolution
		HideSolutionNode = FALSE
	EndGlobalSection
EndGlobal
